
Microsoft Visual Studio Solution File, Format Version 12.00
# Visual Studio Version 17
VisualStudioVersion = 17.2.32616.157
MinimumVisualStudioVersion = 10.0.40219.1
Project("{FAE04EC0-301F-11D3-BF4B-00C04F79EFBC}") = "PocketBook", "PocketBook\PocketBook.csproj", "{AEE39F7B-84BD-41E4-B1E0-966E39A9F3CB}"
EndProject
Global
	GlobalSection(SolutionConfigurationPlatforms) = preSolution
		Debug|Any CPU = Debug|Any CPU
		Release|Any CPU = Release|Any CPU
	EndGlobalSection
	GlobalSection(ProjectConfigurationPlatforms) = postSolution
		{AEE39F7B-84BD-41E4-B1E0-966E39A9F3CB}.Debug|Any CPU.ActiveCfg = Debug|Any CPU
		{AEE39F7B-84BD-41E4-B1E0-966E39A9F3CB}.Debug|Any CPU.Build.0 = Debug|Any CPU
		{AEE39F7B-84BD-41E4-B1E0-966E39A9F3CB}.Release|Any CPU.ActiveCfg = Release|Any CPU
		{AEE39F7B-84BD-41E4-B1E0-966E39A9F3CB}.Release|Any CPU.Build.0 = Release|Any CPU
	EndGlobalSection
	GlobalSection(SolutionProperties) = preSolution
		HideSolutionNode = FALSE
	EndGlobalSection
	GlobalSection(ExtensibilityGlobals) = postSolution
		SolutionGuid = {8E35A7DA-E524-4DB0-96A5-A63D5D8F5894}
	EndGlobalSection
EndGlobal
